
Microsoft Visual Studio Solution File, Format Version 12.00
# Visual Studio Version 17
VisualStudioVersion = 17.4.33205.214
MinimumVisualStudioVersion = 10.0.40219.1
Project("{FAE04EC0-301F-11D3-BF4B-00C04F79EFBC}") = "WebApp_MavenDemo", "WebApp_MavenDemo\WebApp_MavenDemo.csproj", "{37BF73E3-2AFD-4C1D-B85C-B5586C0BBDEF}"
EndProject
Global
	GlobalSection(SolutionConfigurationPlatforms) = preSolution
		Debug|Any CPU = Debug|Any CPU
		Release|Any CPU = Release|Any CPU
	EndGlobalSection
	GlobalSection(ProjectConfigurationPlatforms) = postSolution
		{37BF73E3-2AFD-4C1D-B85C-B5586C0BBDEF}.Debug|Any CPU.ActiveCfg = Debug|Any CPU
		{37BF73E3-2AFD-4C1D-B85C-B5586C0BBDEF}.Debug|Any CPU.Build.0 = Debug|Any CPU
		{37BF73E3-2AFD-4C1D-B85C-B5586C0BBDEF}.Release|Any CPU.ActiveCfg = Release|Any CPU
		{37BF73E3-2AFD-4C1D-B85C-B5586C0BBDEF}.Release|Any CPU.Build.0 = Release|Any CPU
	EndGlobalSection
	GlobalSection(SolutionProperties) = preSolution
		HideSolutionNode = FALSE
	EndGlobalSection
	GlobalSection(ExtensibilityGlobals) = postSolution
		SolutionGuid = {9CAD9DD9-5A29-4454-B330-8B4348CCDEC1}
	EndGlobalSection
EndGlobal
